// !$*UTF8*$!
{
	archiveVersion = 1;
	classes = {
	};
	objectVersion = 50;
	objects = {

/* Begin PBXBuildFile section */
		EA3C4F762305DAD7005DDEC8 /* RMGradientView.swift in Sources */ = {isa = PBXBuildFile; fileRef = EA3C4F722305DAD7005DDEC8 /* RMGradientView.swift */; };
		EA3C4F772305DAD7005DDEC8 /* RMDataEntryView.swift in Sources */ = {isa = PBXBuildFile; fileRef = EA3C4F732305DAD7005DDEC8 /* RMDataEntryView.swift */; };
		EA3C4F782305DAD7005DDEC8 /* RMShadowView.swift in Sources */ = {isa = PBXBuildFile; fileRef = EA3C4F742305DAD7005DDEC8 /* RMShadowView.swift */; };
		EA3C4F792305DAD7005DDEC8 /* RMICNLabel.swift in Sources */ = {isa = PBXBuildFile; fileRef = EA3C4F752305DAD7005DDEC8 /* RMICNLabel.swift */; };
		EA3C4F7F2305DAE4005DDEC8 /* RMCardTableViewCell.swift in Sources */ = {isa = PBXBuildFile; fileRef = EA3C4F7C2305DAE4005DDEC8 /* RMCardTableViewCell.swift */; };
		EA3C4F802305DAE4005DDEC8 /* RMTextLabelCollectionViewCell.swift in Sources */ = {isa = PBXBuildFile; fileRef = EA3C4F7E2305DAE4005DDEC8 /* RMTextLabelCollectionViewCell.swift */; };
		EA3C4F832305DAF2005DDEC8 /* KeyboardObservable.swift in Sources */ = {isa = PBXBuildFile; fileRef = EA3C4F822305DAF2005DDEC8 /* KeyboardObservable.swift */; };
		EA3C4F862305DAFC005DDEC8 /* RMFormViewController.swift in Sources */ = {isa = PBXBuildFile; fileRef = EA3C4F852305DAFC005DDEC8 /* RMFormViewController.swift */; };
		EA3C4F8B2305DB05005DDEC8 /* RMDatePickerControl.swift in Sources */ = {isa = PBXBuildFile; fileRef = EA3C4F882305DB05005DDEC8 /* RMDatePickerControl.swift */; };
		EA3C4F8C2305DB05005DDEC8 /* RMDatePickerCollectionViewCell.swift in Sources */ = {isa = PBXBuildFile; fileRef = EA3C4F892305DB05005DDEC8 /* RMDatePickerCollectionViewCell.swift */; };
		EA3C4F8D2305DB05005DDEC8 /* RMDatePickerControlViewModel.swift in Sources */ = {isa = PBXBuildFile; fileRef = EA3C4F8A2305DB05005DDEC8 /* RMDatePickerControlViewModel.swift */; };
		EA3C4F902305DB0E005DDEC8 /* UIView+Extensions.swift in Sources */ = {isa = PBXBuildFile; fileRef = EA3C4F8F2305DB0E005DDEC8 /* UIView+Extensions.swift */; };
		EA3C4F972305DB16005DDEC8 /* DrawerViewController.swift in Sources */ = {isa = PBXBuildFile; fileRef = EA3C4F922305DB16005DDEC8 /* DrawerViewController.swift */; };
		EA3C4F982305DB16005DDEC8 /* DrawerMenuHeaderView.swift in Sources */ = {isa = PBXBuildFile; fileRef = EA3C4F932305DB16005DDEC8 /* DrawerMenuHeaderView.swift */; };
		EA3C4F992305DB16005DDEC8 /* DrawerContent.swift in Sources */ = {isa = PBXBuildFile; fileRef = EA3C4F942305DB16005DDEC8 /* DrawerContent.swift */; };
		EA3C4F9A2305DB16005DDEC8 /* DrawerMenuItemCell.swift in Sources */ = {isa = PBXBuildFile; fileRef = EA3C4F952305DB16005DDEC8 /* DrawerMenuItemCell.swift */; };
		EA3C4F9B2305DB16005DDEC8 /* DrawerMenuViewController.swift in Sources */ = {isa = PBXBuildFile; fileRef = EA3C4F962305DB16005DDEC8 /* DrawerMenuViewController.swift */; };
		EA4679B02305CA9300465FC1 /* RM_iOS_UI.framework in Frameworks */ = {isa = PBXBuildFile; fileRef = EA4679A62305CA9300465FC1 /* RM_iOS_UI.framework */; };
		EA4679B52305CA9300465FC1 /* RM_iOS_UITests.swift in Sources */ = {isa = PBXBuildFile; fileRef = EA4679B42305CA9300465FC1 /* RM_iOS_UITests.swift */; };
		EA4679B72305CA9300465FC1 /* RM_iOS_UI.h in Headers */ = {isa = PBXBuildFile; fileRef = EA4679A92305CA9300465FC1 /* RM_iOS_UI.h */; settings = {ATTRIBUTES = (Public, ); }; };
		EA4679C72305CAB900465FC1 /* AppDelegate.swift in Sources */ = {isa = PBXBuildFile; fileRef = EA4679C62305CAB900465FC1 /* AppDelegate.swift */; };
		EA4679C92305CAB900465FC1 /* ViewController.swift in Sources */ = {isa = PBXBuildFile; fileRef = EA4679C82305CAB900465FC1 /* ViewController.swift */; };
		EA4679CC2305CAB900465FC1 /* Main.storyboard in Resources */ = {isa = PBXBuildFile; fileRef = EA4679CA2305CAB900465FC1 /* Main.storyboard */; };
		EA4679CE2305CABA00465FC1 /* Assets.xcassets in Resources */ = {isa = PBXBuildFile; fileRef = EA4679CD2305CABA00465FC1 /* Assets.xcassets */; };
		EA4679D12305CABA00465FC1 /* LaunchScreen.storyboard in Resources */ = {isa = PBXBuildFile; fileRef = EA4679CF2305CABA00465FC1 /* LaunchScreen.storyboard */; };
		EA4679DC2305CABA00465FC1 /* SampleTests.swift in Sources */ = {isa = PBXBuildFile; fileRef = EA4679DB2305CABA00465FC1 /* SampleTests.swift */; };
		EA4679E72305CABA00465FC1 /* SampleUITests.swift in Sources */ = {isa = PBXBuildFile; fileRef = EA4679E62305CABA00465FC1 /* SampleUITests.swift */; };
		EA467A002305CAEB00465FC1 /* RM_iOS_Core.framework in Frameworks */ = {isa = PBXBuildFile; fileRef = EA4679F72305CAEB00465FC1 /* RM_iOS_Core.framework */; };
		EA467A072305CAEB00465FC1 /* RM_iOS_CoreTests.swift in Sources */ = {isa = PBXBuildFile; fileRef = EA467A062305CAEB00465FC1 /* RM_iOS_CoreTests.swift */; };
		EA467A092305CAEB00465FC1 /* RM_iOS_Core.h in Headers */ = {isa = PBXBuildFile; fileRef = EA4679F92305CAEB00465FC1 /* RM_iOS_Core.h */; settings = {ATTRIBUTES = (Public, ); }; };
		EA467A0C2305CAEB00465FC1 /* RM_iOS_Core.framework in Frameworks */ = {isa = PBXBuildFile; fileRef = EA4679F72305CAEB00465FC1 /* RM_iOS_Core.framework */; };
		EA467A0D2305CAEB00465FC1 /* RM_iOS_Core.framework in Embed Frameworks */ = {isa = PBXBuildFile; fileRef = EA4679F72305CAEB00465FC1 /* RM_iOS_Core.framework */; settings = {ATTRIBUTES = (CodeSignOnCopy, RemoveHeadersOnCopy, ); }; };
		EA467A162305CCBD00465FC1 /* CocapodStarter.txt in Resources */ = {isa = PBXBuildFile; fileRef = EA467A152305CCBD00465FC1 /* CocapodStarter.txt */; };
		EA467A192305CD3200465FC1 /* RM.iOS.Core.podspec in Resources */ = {isa = PBXBuildFile; fileRef = EA467A172305CD3100465FC1 /* RM.iOS.Core.podspec */; };
		EA467A1A2305CD3200465FC1 /* RM.iOS.UI.podspec in Resources */ = {isa = PBXBuildFile; fileRef = EA467A182305CD3100465FC1 /* RM.iOS.UI.podspec */; };
		EA467A1D2305CD8300465FC1 /* CustomView.swift in Sources */ = {isa = PBXBuildFile; fileRef = EA467A1C2305CD8300465FC1 /* CustomView.swift */; };
/* End PBXBuildFile section */

/* Begin PBXContainerItemProxy section */
		EA4679B12305CA9300465FC1 /* PBXContainerItemProxy */ = {
			isa = PBXContainerItemProxy;
			containerPortal = EA46799D2305CA9300465FC1 /* Project object */;
			proxyType = 1;
			remoteGlobalIDString = EA4679A52305CA9300465FC1;
			remoteInfo = RM.iOS.UI;
		};
		EA4679D82305CABA00465FC1 /* PBXContainerItemProxy */ = {
			isa = PBXContainerItemProxy;
			containerPortal = EA46799D2305CA9300465FC1 /* Project object */;
			proxyType = 1;
			remoteGlobalIDString = EA4679C32305CAB900465FC1;
			remoteInfo = Sample;
		};
		EA4679E32305CABA00465FC1 /* PBXContainerItemProxy */ = {
			isa = PBXContainerItemProxy;
			containerPortal = EA46799D2305CA9300465FC1 /* Project object */;
			proxyType = 1;
			remoteGlobalIDString = EA4679C32305CAB900465FC1;
			remoteInfo = Sample;
		};
		EA467A012305CAEB00465FC1 /* PBXContainerItemProxy */ = {
			isa = PBXContainerItemProxy;
			containerPortal = EA46799D2305CA9300465FC1 /* Project object */;
			proxyType = 1;
			remoteGlobalIDString = EA4679F62305CAEB00465FC1;
			remoteInfo = RM.iOS.Core;
		};
		EA467A032305CAEB00465FC1 /* PBXContainerItemProxy */ = {
			isa = PBXContainerItemProxy;
			containerPortal = EA46799D2305CA9300465FC1 /* Project object */;
			proxyType = 1;
			remoteGlobalIDString = EA4679C32305CAB900465FC1;
			remoteInfo = Sample;
		};
		EA467A0A2305CAEB00465FC1 /* PBXContainerItemProxy */ = {
			isa = PBXContainerItemProxy;
			containerPortal = EA46799D2305CA9300465FC1 /* Project object */;
			proxyType = 1;
			remoteGlobalIDString = EA4679F62305CAEB00465FC1;
			remoteInfo = RM.iOS.Core;
		};
/* End PBXContainerItemProxy section */

/* Begin PBXCopyFilesBuildPhase section */
		EA467A112305CAEB00465FC1 /* Embed Frameworks */ = {
			isa = PBXCopyFilesBuildPhase;
			buildActionMask = 2147483647;
			dstPath = "";
			dstSubfolderSpec = 10;
			files = (
				EA467A0D2305CAEB00465FC1 /* RM_iOS_Core.framework in Embed Frameworks */,
			);
			name = "Embed Frameworks";
			runOnlyForDeploymentPostprocessing = 0;
		};
/* End PBXCopyFilesBuildPhase section */

/* Begin PBXFileReference section */
		EA3C4F722305DAD7005DDEC8 /* RMGradientView.swift */ = {isa = PBXFileReference; fileEncoding = 4; lastKnownFileType = sourcecode.swift; path = RMGradientView.swift; sourceTree = "<group>"; };
		EA3C4F732305DAD7005DDEC8 /* RMDataEntryView.swift */ = {isa = PBXFileReference; fileEncoding = 4; lastKnownFileType = sourcecode.swift; path = RMDataEntryView.swift; sourceTree = "<group>"; };
		EA3C4F742305DAD7005DDEC8 /* RMShadowView.swift */ = {isa = PBXFileReference; fileEncoding = 4; lastKnownFileType = sourcecode.swift; path = RMShadowView.swift; sourceTree = "<group>"; };
		EA3C4F752305DAD7005DDEC8 /* RMICNLabel.swift */ = {isa = PBXFileReference; fileEncoding = 4; lastKnownFileType = sourcecode.swift; path = RMICNLabel.swift; sourceTree = "<group>"; };
		EA3C4F7C2305DAE4005DDEC8 /* RMCardTableViewCell.swift */ = {isa = PBXFileReference; fileEncoding = 4; lastKnownFileType = sourcecode.swift; path = RMCardTableViewCell.swift; sourceTree = "<group>"; };
		EA3C4F7E2305DAE4005DDEC8 /* RMTextLabelCollectionViewCell.swift */ = {isa = PBXFileReference; fileEncoding = 4; lastKnownFileType = sourcecode.swift; path = RMTextLabelCollectionViewCell.swift; sourceTree = "<group>"; };
		EA3C4F822305DAF2005DDEC8 /* KeyboardObservable.swift */ = {isa = PBXFileReference; fileEncoding = 4; lastKnownFileType = sourcecode.swift; path = KeyboardObservable.swift; sourceTree = "<group>"; };
		EA3C4F852305DAFC005DDEC8 /* RMFormViewController.swift */ = {isa = PBXFileReference; fileEncoding = 4; lastKnownFileType = sourcecode.swift; path = RMFormViewController.swift; sourceTree = "<group>"; };
		EA3C4F882305DB05005DDEC8 /* RMDatePickerControl.swift */ = {isa = PBXFileReference; fileEncoding = 4; lastKnownFileType = sourcecode.swift; path = RMDatePickerControl.swift; sourceTree = "<group>"; };
		EA3C4F892305DB05005DDEC8 /* RMDatePickerCollectionViewCell.swift */ = {isa = PBXFileReference; fileEncoding = 4; lastKnownFileType = sourcecode.swift; path = RMDatePickerCollectionViewCell.swift; sourceTree = "<group>"; };
		EA3C4F8A2305DB05005DDEC8 /* RMDatePickerControlViewModel.swift */ = {isa = PBXFileReference; fileEncoding = 4; lastKnownFileType = sourcecode.swift; path = RMDatePickerControlViewModel.swift; sourceTree = "<group>"; };
		EA3C4F8F2305DB0E005DDEC8 /* UIView+Extensions.swift */ = {isa = PBXFileReference; fileEncoding = 4; lastKnownFileType = sourcecode.swift; path = "UIView+Extensions.swift"; sourceTree = "<group>"; };
		EA3C4F922305DB16005DDEC8 /* DrawerViewController.swift */ = {isa = PBXFileReference; fileEncoding = 4; lastKnownFileType = sourcecode.swift; path = DrawerViewController.swift; sourceTree = "<group>"; };
		EA3C4F932305DB16005DDEC8 /* DrawerMenuHeaderView.swift */ = {isa = PBXFileReference; fileEncoding = 4; lastKnownFileType = sourcecode.swift; path = DrawerMenuHeaderView.swift; sourceTree = "<group>"; };
		EA3C4F942305DB16005DDEC8 /* DrawerContent.swift */ = {isa = PBXFileReference; fileEncoding = 4; lastKnownFileType = sourcecode.swift; path = DrawerContent.swift; sourceTree = "<group>"; };
		EA3C4F952305DB16005DDEC8 /* DrawerMenuItemCell.swift */ = {isa = PBXFileReference; fileEncoding = 4; lastKnownFileType = sourcecode.swift; path = DrawerMenuItemCell.swift; sourceTree = "<group>"; };
		EA3C4F962305DB16005DDEC8 /* DrawerMenuViewController.swift */ = {isa = PBXFileReference; fileEncoding = 4; lastKnownFileType = sourcecode.swift; path = DrawerMenuViewController.swift; sourceTree = "<group>"; };
		EA4679A62305CA9300465FC1 /* RM_iOS_UI.framework */ = {isa = PBXFileReference; explicitFileType = wrapper.framework; includeInIndex = 0; path = RM_iOS_UI.framework; sourceTree = BUILT_PRODUCTS_DIR; };
		EA4679A92305CA9300465FC1 /* RM_iOS_UI.h */ = {isa = PBXFileReference; lastKnownFileType = sourcecode.c.h; path = RM_iOS_UI.h; sourceTree = "<group>"; };
		EA4679AA2305CA9300465FC1 /* Info.plist */ = {isa = PBXFileReference; lastKnownFileType = text.plist.xml; path = Info.plist; sourceTree = "<group>"; };
		EA4679AF2305CA9300465FC1 /* RM.iOS.UITests.xctest */ = {isa = PBXFileReference; explicitFileType = wrapper.cfbundle; includeInIndex = 0; path = RM.iOS.UITests.xctest; sourceTree = BUILT_PRODUCTS_DIR; };
		EA4679B42305CA9300465FC1 /* RM_iOS_UITests.swift */ = {isa = PBXFileReference; lastKnownFileType = sourcecode.swift; path = RM_iOS_UITests.swift; sourceTree = "<group>"; };
		EA4679B62305CA9300465FC1 /* Info.plist */ = {isa = PBXFileReference; lastKnownFileType = text.plist.xml; path = Info.plist; sourceTree = "<group>"; };
		EA4679C42305CAB900465FC1 /* Sample.app */ = {isa = PBXFileReference; explicitFileType = wrapper.application; includeInIndex = 0; path = Sample.app; sourceTree = BUILT_PRODUCTS_DIR; };
		EA4679C62305CAB900465FC1 /* AppDelegate.swift */ = {isa = PBXFileReference; lastKnownFileType = sourcecode.swift; path = AppDelegate.swift; sourceTree = "<group>"; };
		EA4679C82305CAB900465FC1 /* ViewController.swift */ = {isa = PBXFileReference; lastKnownFileType = sourcecode.swift; path = ViewController.swift; sourceTree = "<group>"; };
		EA4679CB2305CAB900465FC1 /* Base */ = {isa = PBXFileReference; lastKnownFileType = file.storyboard; name = Base; path = Base.lproj/Main.storyboard; sourceTree = "<group>"; };
		EA4679CD2305CABA00465FC1 /* Assets.xcassets */ = {isa = PBXFileReference; lastKnownFileType = folder.assetcatalog; path = Assets.xcassets; sourceTree = "<group>"; };
		EA4679D02305CABA00465FC1 /* Base */ = {isa = PBXFileReference; lastKnownFileType = file.storyboard; name = Base; path = Base.lproj/LaunchScreen.storyboard; sourceTree = "<group>"; };
		EA4679D22305CABA00465FC1 /* Info.plist */ = {isa = PBXFileReference; lastKnownFileType = text.plist.xml; path = Info.plist; sourceTree = "<group>"; };
		EA4679D72305CABA00465FC1 /* SampleTests.xctest */ = {isa = PBXFileReference; explicitFileType = wrapper.cfbundle; includeInIndex = 0; path = SampleTests.xctest; sourceTree = BUILT_PRODUCTS_DIR; };
		EA4679DB2305CABA00465FC1 /* SampleTests.swift */ = {isa = PBXFileReference; lastKnownFileType = sourcecode.swift; path = SampleTests.swift; sourceTree = "<group>"; };
		EA4679DD2305CABA00465FC1 /* Info.plist */ = {isa = PBXFileReference; lastKnownFileType = text.plist.xml; path = Info.plist; sourceTree = "<group>"; };
		EA4679E22305CABA00465FC1 /* SampleUITests.xctest */ = {isa = PBXFileReference; explicitFileType = wrapper.cfbundle; includeInIndex = 0; path = SampleUITests.xctest; sourceTree = BUILT_PRODUCTS_DIR; };
		EA4679E62305CABA00465FC1 /* SampleUITests.swift */ = {isa = PBXFileReference; lastKnownFileType = sourcecode.swift; path = SampleUITests.swift; sourceTree = "<group>"; };
		EA4679E82305CABA00465FC1 /* Info.plist */ = {isa = PBXFileReference; lastKnownFileType = text.plist.xml; path = Info.plist; sourceTree = "<group>"; };
		EA4679F72305CAEB00465FC1 /* RM_iOS_Core.framework */ = {isa = PBXFileReference; explicitFileType = wrapper.framework; includeInIndex = 0; path = RM_iOS_Core.framework; sourceTree = BUILT_PRODUCTS_DIR; };
		EA4679F92305CAEB00465FC1 /* RM_iOS_Core.h */ = {isa = PBXFileReference; lastKnownFileType = sourcecode.c.h; path = RM_iOS_Core.h; sourceTree = "<group>"; };
		EA4679FA2305CAEB00465FC1 /* Info.plist */ = {isa = PBXFileReference; lastKnownFileType = text.plist.xml; path = Info.plist; sourceTree = "<group>"; };
		EA4679FF2305CAEB00465FC1 /* RM.iOS.CoreTests.xctest */ = {isa = PBXFileReference; explicitFileType = wrapper.cfbundle; includeInIndex = 0; path = RM.iOS.CoreTests.xctest; sourceTree = BUILT_PRODUCTS_DIR; };
		EA467A062305CAEB00465FC1 /* RM_iOS_CoreTests.swift */ = {isa = PBXFileReference; lastKnownFileType = sourcecode.swift; path = RM_iOS_CoreTests.swift; sourceTree = "<group>"; };
		EA467A082305CAEB00465FC1 /* Info.plist */ = {isa = PBXFileReference; lastKnownFileType = text.plist.xml; path = Info.plist; sourceTree = "<group>"; };
		EA467A152305CCBD00465FC1 /* CocapodStarter.txt */ = {isa = PBXFileReference; lastKnownFileType = text; path = CocapodStarter.txt; sourceTree = "<group>"; };
		EA467A172305CD3100465FC1 /* RM.iOS.Core.podspec */ = {isa = PBXFileReference; fileEncoding = 4; lastKnownFileType = text; path = RM.iOS.Core.podspec; sourceTree = "<group>"; };
		EA467A182305CD3100465FC1 /* RM.iOS.UI.podspec */ = {isa = PBXFileReference; fileEncoding = 4; lastKnownFileType = text; path = RM.iOS.UI.podspec; sourceTree = "<group>"; };
		EA467A1C2305CD8300465FC1 /* CustomView.swift */ = {isa = PBXFileReference; lastKnownFileType = sourcecode.swift; path = CustomView.swift; sourceTree = "<group>"; };
/* End PBXFileReference section */

/* Begin PBXFrameworksBuildPhase section */
		EA4679A32305CA9300465FC1 /* Frameworks */ = {
			isa = PBXFrameworksBuildPhase;
			buildActionMask = 2147483647;
			files = (
			);
			runOnlyForDeploymentPostprocessing = 0;
		};
		EA4679AC2305CA9300465FC1 /* Frameworks */ = {
			isa = PBXFrameworksBuildPhase;
			buildActionMask = 2147483647;
			files = (
				EA4679B02305CA9300465FC1 /* RM_iOS_UI.framework in Frameworks */,
			);
			runOnlyForDeploymentPostprocessing = 0;
		};
		EA4679C12305CAB900465FC1 /* Frameworks */ = {
			isa = PBXFrameworksBuildPhase;
			buildActionMask = 2147483647;
			files = (
				EA467A0C2305CAEB00465FC1 /* RM_iOS_Core.framework in Frameworks */,
			);
			runOnlyForDeploymentPostprocessing = 0;
		};
		EA4679D42305CABA00465FC1 /* Frameworks */ = {
			isa = PBXFrameworksBuildPhase;
			buildActionMask = 2147483647;
			files = (
			);
			runOnlyForDeploymentPostprocessing = 0;
		};
		EA4679DF2305CABA00465FC1 /* Frameworks */ = {
			isa = PBXFrameworksBuildPhase;
			buildActionMask = 2147483647;
			files = (
			);
			runOnlyForDeploymentPostprocessing = 0;
		};
		EA4679F42305CAEB00465FC1 /* Frameworks */ = {
			isa = PBXFrameworksBuildPhase;
			buildActionMask = 2147483647;
			files = (
			);
			runOnlyForDeploymentPostprocessing = 0;
		};
		EA4679FC2305CAEB00465FC1 /* Frameworks */ = {
			isa = PBXFrameworksBuildPhase;
			buildActionMask = 2147483647;
			files = (
				EA467A002305CAEB00465FC1 /* RM_iOS_Core.framework in Frameworks */,
			);
			runOnlyForDeploymentPostprocessing = 0;
		};
/* End PBXFrameworksBuildPhase section */

/* Begin PBXGroup section */
		EA3C4F7A2305DAE4005DDEC8 /* CustomCell */ = {
			isa = PBXGroup;
			children = (
				EA3C4F7B2305DAE4005DDEC8 /* TableView */,
				EA3C4F7D2305DAE4005DDEC8 /* CollectionView */,
			);
			path = CustomCell;
			sourceTree = "<group>";
		};
		EA3C4F7B2305DAE4005DDEC8 /* TableView */ = {
			isa = PBXGroup;
			children = (
				EA3C4F7C2305DAE4005DDEC8 /* RMCardTableViewCell.swift */,
			);
			path = TableView;
			sourceTree = "<group>";
		};
		EA3C4F7D2305DAE4005DDEC8 /* CollectionView */ = {
			isa = PBXGroup;
			children = (
				EA3C4F7E2305DAE4005DDEC8 /* RMTextLabelCollectionViewCell.swift */,
			);
			path = CollectionView;
			sourceTree = "<group>";
		};
		EA3C4F812305DAF2005DDEC8 /* CustomObservables */ = {
			isa = PBXGroup;
			children = (
				EA3C4F822305DAF2005DDEC8 /* KeyboardObservable.swift */,
			);
			path = CustomObservables;
			sourceTree = "<group>";
		};
		EA3C4F842305DAFC005DDEC8 /* DataEntryForm */ = {
			isa = PBXGroup;
			children = (
				EA3C4F852305DAFC005DDEC8 /* RMFormViewController.swift */,
			);
			path = DataEntryForm;
			sourceTree = "<group>";
		};
		EA3C4F872305DB05005DDEC8 /* DateFilterControl */ = {
			isa = PBXGroup;
			children = (
				EA3C4F882305DB05005DDEC8 /* RMDatePickerControl.swift */,
				EA3C4F892305DB05005DDEC8 /* RMDatePickerCollectionViewCell.swift */,
				EA3C4F8A2305DB05005DDEC8 /* RMDatePickerControlViewModel.swift */,
			);
			path = DateFilterControl;
			sourceTree = "<group>";
		};
		EA3C4F8E2305DB0E005DDEC8 /* Extenstions */ = {
			isa = PBXGroup;
			children = (
				EA3C4F8F2305DB0E005DDEC8 /* UIView+Extensions.swift */,
			);
			path = Extenstions;
			sourceTree = "<group>";
		};
		EA3C4F912305DB16005DDEC8 /* NavigationDrawer */ = {
			isa = PBXGroup;
			children = (
				EA3C4F922305DB16005DDEC8 /* DrawerViewController.swift */,
				EA3C4F932305DB16005DDEC8 /* DrawerMenuHeaderView.swift */,
				EA3C4F942305DB16005DDEC8 /* DrawerContent.swift */,
				EA3C4F952305DB16005DDEC8 /* DrawerMenuItemCell.swift */,
				EA3C4F962305DB16005DDEC8 /* DrawerMenuViewController.swift */,
			);
			path = NavigationDrawer;
			sourceTree = "<group>";
		};
		EA46799C2305CA9300465FC1 = {
			isa = PBXGroup;
			children = (
				EA467A172305CD3100465FC1 /* RM.iOS.Core.podspec */,
				EA467A182305CD3100465FC1 /* RM.iOS.UI.podspec */,
				EA467A152305CCBD00465FC1 /* CocapodStarter.txt */,
				EA4679A82305CA9300465FC1 /* RM.iOS.UI */,
				EA4679B32305CA9300465FC1 /* RM.iOS.UITests */,
				EA4679C52305CAB900465FC1 /* Sample */,
				EA4679DA2305CABA00465FC1 /* SampleTests */,
				EA4679E52305CABA00465FC1 /* SampleUITests */,
				EA4679F82305CAEB00465FC1 /* RM.iOS.Core */,
				EA467A052305CAEB00465FC1 /* RM.iOS.CoreTests */,
				EA4679A72305CA9300465FC1 /* Products */,
			);
			sourceTree = "<group>";
		};
		EA4679A72305CA9300465FC1 /* Products */ = {
			isa = PBXGroup;
			children = (
				EA4679A62305CA9300465FC1 /* RM_iOS_UI.framework */,
				EA4679AF2305CA9300465FC1 /* RM.iOS.UITests.xctest */,
				EA4679C42305CAB900465FC1 /* Sample.app */,
				EA4679D72305CABA00465FC1 /* SampleTests.xctest */,
				EA4679E22305CABA00465FC1 /* SampleUITests.xctest */,
				EA4679F72305CAEB00465FC1 /* RM_iOS_Core.framework */,
				EA4679FF2305CAEB00465FC1 /* RM.iOS.CoreTests.xctest */,
			);
			name = Products;
			sourceTree = "<group>";
		};
		EA4679A82305CA9300465FC1 /* RM.iOS.UI */ = {
			isa = PBXGroup;
			children = (
				EA3C4F912305DB16005DDEC8 /* NavigationDrawer */,
				EA3C4F8E2305DB0E005DDEC8 /* Extenstions */,
				EA3C4F872305DB05005DDEC8 /* DateFilterControl */,
				EA3C4F842305DAFC005DDEC8 /* DataEntryForm */,
				EA3C4F812305DAF2005DDEC8 /* CustomObservables */,
				EA3C4F7A2305DAE4005DDEC8 /* CustomCell */,
				EA467A1B2305CD6200465FC1 /* CustomViews */,
				EA4679A92305CA9300465FC1 /* RM_iOS_UI.h */,
				EA4679AA2305CA9300465FC1 /* Info.plist */,
			);
			path = RM.iOS.UI;
			sourceTree = "<group>";
		};
		EA4679B32305CA9300465FC1 /* RM.iOS.UITests */ = {
			isa = PBXGroup;
			children = (
				EA4679B42305CA9300465FC1 /* RM_iOS_UITests.swift */,
				EA4679B62305CA9300465FC1 /* Info.plist */,
			);
			path = RM.iOS.UITests;
			sourceTree = "<group>";
		};
		EA4679C52305CAB900465FC1 /* Sample */ = {
			isa = PBXGroup;
			children = (
				EA4679C62305CAB900465FC1 /* AppDelegate.swift */,
				EA4679C82305CAB900465FC1 /* ViewController.swift */,
				EA4679CA2305CAB900465FC1 /* Main.storyboard */,
				EA4679CD2305CABA00465FC1 /* Assets.xcassets */,
				EA4679CF2305CABA00465FC1 /* LaunchScreen.storyboard */,
				EA4679D22305CABA00465FC1 /* Info.plist */,
			);
			path = Sample;
			sourceTree = "<group>";
		};
		EA4679DA2305CABA00465FC1 /* SampleTests */ = {
			isa = PBXGroup;
			children = (
				EA4679DB2305CABA00465FC1 /* SampleTests.swift */,
				EA4679DD2305CABA00465FC1 /* Info.plist */,
			);
			path = SampleTests;
			sourceTree = "<group>";
		};
		EA4679E52305CABA00465FC1 /* SampleUITests */ = {
			isa = PBXGroup;
			children = (
				EA4679E62305CABA00465FC1 /* SampleUITests.swift */,
				EA4679E82305CABA00465FC1 /* Info.plist */,
			);
			path = SampleUITests;
			sourceTree = "<group>";
		};
		EA4679F82305CAEB00465FC1 /* RM.iOS.Core */ = {
			isa = PBXGroup;
			children = (
				EA4679F92305CAEB00465FC1 /* RM_iOS_Core.h */,
				EA4679FA2305CAEB00465FC1 /* Info.plist */,
			);
			path = RM.iOS.Core;
			sourceTree = "<group>";
		};
		EA467A052305CAEB00465FC1 /* RM.iOS.CoreTests */ = {
			isa = PBXGroup;
			children = (
				EA467A062305CAEB00465FC1 /* RM_iOS_CoreTests.swift */,
				EA467A082305CAEB00465FC1 /* Info.plist */,
			);
			path = RM.iOS.CoreTests;
			sourceTree = "<group>";
		};
		EA467A1B2305CD6200465FC1 /* CustomViews */ = {
			isa = PBXGroup;
			children = (
				EA3C4F732305DAD7005DDEC8 /* RMDataEntryView.swift */,
				EA3C4F722305DAD7005DDEC8 /* RMGradientView.swift */,
				EA3C4F752305DAD7005DDEC8 /* RMICNLabel.swift */,
				EA3C4F742305DAD7005DDEC8 /* RMShadowView.swift */,
				EA467A1C2305CD8300465FC1 /* CustomView.swift */,
			);
			path = CustomViews;
			sourceTree = "<group>";
		};
/* End PBXGroup section */

/* Begin PBXHeadersBuildPhase section */
		EA4679A12305CA9300465FC1 /* Headers */ = {
			isa = PBXHeadersBuildPhase;
			buildActionMask = 2147483647;
			files = (
				EA4679B72305CA9300465FC1 /* RM_iOS_UI.h in Headers */,
			);
			runOnlyForDeploymentPostprocessing = 0;
		};
		EA4679F22305CAEB00465FC1 /* Headers */ = {
			isa = PBXHeadersBuildPhase;
			buildActionMask = 2147483647;
			files = (
				EA467A092305CAEB00465FC1 /* RM_iOS_Core.h in Headers */,
			);
			runOnlyForDeploymentPostprocessing = 0;
		};
/* End PBXHeadersBuildPhase section */

/* Begin PBXNativeTarget section */
		EA4679A52305CA9300465FC1 /* RM.iOS.UI */ = {
			isa = PBXNativeTarget;
			buildConfigurationList = EA4679BA2305CA9300465FC1 /* Build configuration list for PBXNativeTarget "RM.iOS.UI" */;
			buildPhases = (
				EA4679A12305CA9300465FC1 /* Headers */,
				EA4679A22305CA9300465FC1 /* Sources */,
				EA4679A32305CA9300465FC1 /* Frameworks */,
				EA4679A42305CA9300465FC1 /* Resources */,
			);
			buildRules = (
			);
			dependencies = (
			);
			name = RM.iOS.UI;
			productName = RM.iOS.UI;
			productReference = EA4679A62305CA9300465FC1 /* RM_iOS_UI.framework */;
			productType = "com.apple.product-type.framework";
		};
		EA4679AE2305CA9300465FC1 /* RM.iOS.UITests */ = {
			isa = PBXNativeTarget;
			buildConfigurationList = EA4679BD2305CA9300465FC1 /* Build configuration list for PBXNativeTarget "RM.iOS.UITests" */;
			buildPhases = (
				EA4679AB2305CA9300465FC1 /* Sources */,
				EA4679AC2305CA9300465FC1 /* Frameworks */,
				EA4679AD2305CA9300465FC1 /* Resources */,
			);
			buildRules = (
			);
			dependencies = (
				EA4679B22305CA9300465FC1 /* PBXTargetDependency */,
			);
			name = RM.iOS.UITests;
			productName = RM.iOS.UITests;
			productReference = EA4679AF2305CA9300465FC1 /* RM.iOS.UITests.xctest */;
			productType = "com.apple.product-type.bundle.unit-test";
		};
		EA4679C32305CAB900465FC1 /* Sample */ = {
			isa = PBXNativeTarget;
			buildConfigurationList = EA4679E92305CABA00465FC1 /* Build configuration list for PBXNativeTarget "Sample" */;
			buildPhases = (
				EA4679C02305CAB900465FC1 /* Sources */,
				EA4679C12305CAB900465FC1 /* Frameworks */,
				EA4679C22305CAB900465FC1 /* Resources */,
				EA467A112305CAEB00465FC1 /* Embed Frameworks */,
			);
			buildRules = (
			);
			dependencies = (
				EA467A0B2305CAEB00465FC1 /* PBXTargetDependency */,
			);
			name = Sample;
			productName = Sample;
			productReference = EA4679C42305CAB900465FC1 /* Sample.app */;
			productType = "com.apple.product-type.application";
		};
		EA4679D62305CABA00465FC1 /* SampleTests */ = {
			isa = PBXNativeTarget;
			buildConfigurationList = EA4679EC2305CABA00465FC1 /* Build configuration list for PBXNativeTarget "SampleTests" */;
			buildPhases = (
				EA4679D32305CABA00465FC1 /* Sources */,
				EA4679D42305CABA00465FC1 /* Frameworks */,
				EA4679D52305CABA00465FC1 /* Resources */,
			);
			buildRules = (
			);
			dependencies = (
				EA4679D92305CABA00465FC1 /* PBXTargetDependency */,
			);
			name = SampleTests;
			productName = SampleTests;
			productReference = EA4679D72305CABA00465FC1 /* SampleTests.xctest */;
			productType = "com.apple.product-type.bundle.unit-test";
		};
		EA4679E12305CABA00465FC1 /* SampleUITests */ = {
			isa = PBXNativeTarget;
			buildConfigurationList = EA4679EF2305CABA00465FC1 /* Build configuration list for PBXNativeTarget "SampleUITests" */;
			buildPhases = (
				EA4679DE2305CABA00465FC1 /* Sources */,
				EA4679DF2305CABA00465FC1 /* Frameworks */,
				EA4679E02305CABA00465FC1 /* Resources */,
			);
			buildRules = (
			);
			dependencies = (
				EA4679E42305CABA00465FC1 /* PBXTargetDependency */,
			);
			name = SampleUITests;
			productName = SampleUITests;
			productReference = EA4679E22305CABA00465FC1 /* SampleUITests.xctest */;
			productType = "com.apple.product-type.bundle.ui-testing";
		};
		EA4679F62305CAEB00465FC1 /* RM.iOS.Core */ = {
			isa = PBXNativeTarget;
			buildConfigurationList = EA467A0E2305CAEB00465FC1 /* Build configuration list for PBXNativeTarget "RM.iOS.Core" */;
			buildPhases = (
				EA4679F22305CAEB00465FC1 /* Headers */,
				EA4679F32305CAEB00465FC1 /* Sources */,
				EA4679F42305CAEB00465FC1 /* Frameworks */,
				EA4679F52305CAEB00465FC1 /* Resources */,
			);
			buildRules = (
			);
			dependencies = (
			);
			name = RM.iOS.Core;
			productName = RM.iOS.Core;
			productReference = EA4679F72305CAEB00465FC1 /* RM_iOS_Core.framework */;
			productType = "com.apple.product-type.framework";
		};
		EA4679FE2305CAEB00465FC1 /* RM.iOS.CoreTests */ = {
			isa = PBXNativeTarget;
			buildConfigurationList = EA467A122305CAEB00465FC1 /* Build configuration list for PBXNativeTarget "RM.iOS.CoreTests" */;
			buildPhases = (
				EA4679FB2305CAEB00465FC1 /* Sources */,
				EA4679FC2305CAEB00465FC1 /* Frameworks */,
				EA4679FD2305CAEB00465FC1 /* Resources */,
			);
			buildRules = (
			);
			dependencies = (
				EA467A022305CAEB00465FC1 /* PBXTargetDependency */,
				EA467A042305CAEB00465FC1 /* PBXTargetDependency */,
			);
			name = RM.iOS.CoreTests;
			productName = RM.iOS.CoreTests;
			productReference = EA4679FF2305CAEB00465FC1 /* RM.iOS.CoreTests.xctest */;
			productType = "com.apple.product-type.bundle.unit-test";
		};
/* End PBXNativeTarget section */

/* Begin PBXProject section */
		EA46799D2305CA9300465FC1 /* Project object */ = {
			isa = PBXProject;
			attributes = {
				LastSwiftUpdateCheck = 1030;
				LastUpgradeCheck = 1030;
				ORGANIZATIONNAME = "Ruchira Munidasa";
				TargetAttributes = {
					EA4679A52305CA9300465FC1 = {
						CreatedOnToolsVersion = 10.3;
						LastSwiftMigration = 1030;
					};
					EA4679AE2305CA9300465FC1 = {
						CreatedOnToolsVersion = 10.3;
					};
					EA4679C32305CAB900465FC1 = {
						CreatedOnToolsVersion = 10.3;
					};
					EA4679D62305CABA00465FC1 = {
						CreatedOnToolsVersion = 10.3;
						TestTargetID = EA4679C32305CAB900465FC1;
					};
					EA4679E12305CABA00465FC1 = {
						CreatedOnToolsVersion = 10.3;
						TestTargetID = EA4679C32305CAB900465FC1;
					};
					EA4679F62305CAEB00465FC1 = {
						CreatedOnToolsVersion = 10.3;
					};
					EA4679FE2305CAEB00465FC1 = {
						CreatedOnToolsVersion = 10.3;
						TestTargetID = EA4679C32305CAB900465FC1;
					};
				};
			};
			buildConfigurationList = EA4679A02305CA9300465FC1 /* Build configuration list for PBXProject "RM.iOS.UI" */;
			compatibilityVersion = "Xcode 9.3";
			developmentRegion = en;
			hasScannedForEncodings = 0;
			knownRegions = (
				en,
				Base,
			);
			mainGroup = EA46799C2305CA9300465FC1;
			productRefGroup = EA4679A72305CA9300465FC1 /* Products */;
			projectDirPath = "";
			projectRoot = "";
			targets = (
				EA4679A52305CA9300465FC1 /* RM.iOS.UI */,
				EA4679AE2305CA9300465FC1 /* RM.iOS.UITests */,
				EA4679C32305CAB900465FC1 /* Sample */,
				EA4679D62305CABA00465FC1 /* SampleTests */,
				EA4679E12305CABA00465FC1 /* SampleUITests */,
				EA4679F62305CAEB00465FC1 /* RM.iOS.Core */,
				EA4679FE2305CAEB00465FC1 /* RM.iOS.CoreTests */,
			);
		};
/* End PBXProject section */

/* Begin PBXResourcesBuildPhase section */
		EA4679A42305CA9300465FC1 /* Resources */ = {
			isa = PBXResourcesBuildPhase;
			buildActionMask = 2147483647;
			files = (
				EA467A1A2305CD3200465FC1 /* RM.iOS.UI.podspec in Resources */,
				EA467A192305CD3200465FC1 /* RM.iOS.Core.podspec in Resources */,
				EA467A162305CCBD00465FC1 /* CocapodStarter.txt in Resources */,
			);
			runOnlyForDeploymentPostprocessing = 0;
		};
		EA4679AD2305CA9300465FC1 /* Resources */ = {
			isa = PBXResourcesBuildPhase;
			buildActionMask = 2147483647;
			files = (
			);
			runOnlyForDeploymentPostprocessing = 0;
		};
		EA4679C22305CAB900465FC1 /* Resources */ = {
			isa = PBXResourcesBuildPhase;
			buildActionMask = 2147483647;
			files = (
				EA4679D12305CABA00465FC1 /* LaunchScreen.storyboard in Resources */,
				EA4679CE2305CABA00465FC1 /* Assets.xcassets in Resources */,
				EA4679CC2305CAB900465FC1 /* Main.storyboard in Resources */,
			);
			runOnlyForDeploymentPostprocessing = 0;
		};
		EA4679D52305CABA00465FC1 /* Resources */ = {
			isa = PBXResourcesBuildPhase;
			buildActionMask = 2147483647;
			files = (
			);
			runOnlyForDeploymentPostprocessing = 0;
		};
		EA4679E02305CABA00465FC1 /* Resources */ = {
			isa = PBXResourcesBuildPhase;
			buildActionMask = 2147483647;
			files = (
			);
			runOnlyForDeploymentPostprocessing = 0;
		};
		EA4679F52305CAEB00465FC1 /* Resources */ = {
			isa = PBXResourcesBuildPhase;
			buildActionMask = 2147483647;
			files = (
			);
			runOnlyForDeploymentPostprocessing = 0;
		};
		EA4679FD2305CAEB00465FC1 /* Resources */ = {
			isa = PBXResourcesBuildPhase;
			buildActionMask = 2147483647;
			files = (
			);
			runOnlyForDeploymentPostprocessing = 0;
		};
/* End PBXResourcesBuildPhase section */

/* Begin PBXSourcesBuildPhase section */
		EA4679A22305CA9300465FC1 /* Sources */ = {
			isa = PBXSourcesBuildPhase;
			buildActionMask = 2147483647;
			files = (
				EA3C4F792305DAD7005DDEC8 /* RMICNLabel.swift in Sources */,
				EA3C4F832305DAF2005DDEC8 /* KeyboardObservable.swift in Sources */,
				EA3C4F802305DAE4005DDEC8 /* RMTextLabelCollectionViewCell.swift in Sources */,
				EA3C4F982305DB16005DDEC8 /* DrawerMenuHeaderView.swift in Sources */,
				EA467A1D2305CD8300465FC1 /* CustomView.swift in Sources */,
				EA3C4F9A2305DB16005DDEC8 /* DrawerMenuItemCell.swift in Sources */,
				EA3C4F782305DAD7005DDEC8 /* RMShadowView.swift in Sources */,
				EA3C4F972305DB16005DDEC8 /* DrawerViewController.swift in Sources */,
				EA3C4F9B2305DB16005DDEC8 /* DrawerMenuViewController.swift in Sources */,
				EA3C4F902305DB0E005DDEC8 /* UIView+Extensions.swift in Sources */,
				EA3C4F772305DAD7005DDEC8 /* RMDataEntryView.swift in Sources */,
				EA3C4F8B2305DB05005DDEC8 /* RMDatePickerControl.swift in Sources */,
				EA3C4F7F2305DAE4005DDEC8 /* RMCardTableViewCell.swift in Sources */,
				EA3C4F862305DAFC005DDEC8 /* RMFormViewController.swift in Sources */,
				EA3C4F8D2305DB05005DDEC8 /* RMDatePickerControlViewModel.swift in Sources */,
				EA3C4F8C2305DB05005DDEC8 /* RMDatePickerCollectionViewCell.swift in Sources */,
				EA3C4F992305DB16005DDEC8 /* DrawerContent.swift in Sources */,
				EA3C4F762305DAD7005DDEC8 /* RMGradientView.swift in Sources */,
			);
			runOnlyForDeploymentPostprocessing = 0;
		};
		EA4679AB2305CA9300465FC1 /* Sources */ = {
			isa = PBXSourcesBuildPhase;
			buildActionMask = 2147483647;
			files = (
				EA4679B52305CA9300465FC1 /* RM_iOS_UITests.swift in Sources */,
			);
			runOnlyForDeploymentPostprocessing = 0;
		};
		EA4679C02305CAB900465FC1 /* Sources */ = {
			isa = PBXSourcesBuildPhase;
			buildActionMask = 2147483647;
			files = (
				EA4679C92305CAB900465FC1 /* ViewController.swift in Sources */,
				EA4679C72305CAB900465FC1 /* AppDelegate.swift in Sources */,
			);
			runOnlyForDeploymentPostprocessing = 0;
		};
		EA4679D32305CABA00465FC1 /* Sources */ = {
			isa = PBXSourcesBuildPhase;
			buildActionMask = 2147483647;
			files = (
				EA4679DC2305CABA00465FC1 /* SampleTests.swift in Sources */,
			);
			runOnlyForDeploymentPostprocessing = 0;
		};
		EA4679DE2305CABA00465FC1 /* Sources */ = {
			isa = PBXSourcesBuildPhase;
			buildActionMask = 2147483647;
			files = (
				EA4679E72305CABA00465FC1 /* SampleUITests.swift in Sources */,
			);
			runOnlyForDeploymentPostprocessing = 0;
		};
		EA4679F32305CAEB00465FC1 /* Sources */ = {
			isa = PBXSourcesBuildPhase;
			buildActionMask = 2147483647;
			files = (
			);
			runOnlyForDeploymentPostprocessing = 0;
		};
		EA4679FB2305CAEB00465FC1 /* Sources */ = {
			isa = PBXSourcesBuildPhase;
			buildActionMask = 2147483647;
			files = (
				EA467A072305CAEB00465FC1 /* RM_iOS_CoreTests.swift in Sources */,
			);
			runOnlyForDeploymentPostprocessing = 0;
		};
/* End PBXSourcesBuildPhase section */

/* Begin PBXTargetDependency section */
		EA4679B22305CA9300465FC1 /* PBXTargetDependency */ = {
			isa = PBXTargetDependency;
			target = EA4679A52305CA9300465FC1 /* RM.iOS.UI */;
			targetProxy = EA4679B12305CA9300465FC1 /* PBXContainerItemProxy */;
		};
		EA4679D92305CABA00465FC1 /* PBXTargetDependency */ = {
			isa = PBXTargetDependency;
			target = EA4679C32305CAB900465FC1 /* Sample */;
			targetProxy = EA4679D82305CABA00465FC1 /* PBXContainerItemProxy */;
		};
		EA4679E42305CABA00465FC1 /* PBXTargetDependency */ = {
			isa = PBXTargetDependency;
			target = EA4679C32305CAB900465FC1 /* Sample */;
			targetProxy = EA4679E32305CABA00465FC1 /* PBXContainerItemProxy */;
		};
		EA467A022305CAEB00465FC1 /* PBXTargetDependency */ = {
			isa = PBXTargetDependency;
			target = EA4679F62305CAEB00465FC1 /* RM.iOS.Core */;
			targetProxy = EA467A012305CAEB00465FC1 /* PBXContainerItemProxy */;
		};
		EA467A042305CAEB00465FC1 /* PBXTargetDependency */ = {
			isa = PBXTargetDependency;
			target = EA4679C32305CAB900465FC1 /* Sample */;
			targetProxy = EA467A032305CAEB00465FC1 /* PBXContainerItemProxy */;
		};
		EA467A0B2305CAEB00465FC1 /* PBXTargetDependency */ = {
			isa = PBXTargetDependency;
			target = EA4679F62305CAEB00465FC1 /* RM.iOS.Core */;
			targetProxy = EA467A0A2305CAEB00465FC1 /* PBXContainerItemProxy */;
		};
/* End PBXTargetDependency section */

/* Begin PBXVariantGroup section */
		EA4679CA2305CAB900465FC1 /* Main.storyboard */ = {
			isa = PBXVariantGroup;
			children = (
				EA4679CB2305CAB900465FC1 /* Base */,
			);
			name = Main.storyboard;
			sourceTree = "<group>";
		};
		EA4679CF2305CABA00465FC1 /* LaunchScreen.storyboard */ = {
			isa = PBXVariantGroup;
			children = (
				EA4679D02305CABA00465FC1 /* Base */,
			);
			name = LaunchScreen.storyboard;
			sourceTree = "<group>";
		};
/* End PBXVariantGroup section */

/* Begin XCBuildConfiguration section */
		EA4679B82305CA9300465FC1 /* Debug */ = {
			isa = XCBuildConfiguration;
			buildSettings = {
				ALWAYS_SEARCH_USER_PATHS = NO;
				CLANG_ANALYZER_NONNULL = YES;
				CLANG_ANALYZER_NUMBER_OBJECT_CONVERSION = YES_AGGRESSIVE;
				CLANG_CXX_LANGUAGE_STANDARD = "gnu++14";
				CLANG_CXX_LIBRARY = "libc++";
				CLANG_ENABLE_MODULES = YES;
				CLANG_ENABLE_OBJC_ARC = YES;
				CLANG_ENABLE_OBJC_WEAK = YES;
				CLANG_WARN_BLOCK_CAPTURE_AUTORELEASING = YES;
				CLANG_WARN_BOOL_CONVERSION = YES;
				CLANG_WARN_COMMA = YES;
				CLANG_WARN_CONSTANT_CONVERSION = YES;
				CLANG_WARN_DEPRECATED_OBJC_IMPLEMENTATIONS = YES;
				CLANG_WARN_DIRECT_OBJC_ISA_USAGE = YES_ERROR;
				CLANG_WARN_DOCUMENTATION_COMMENTS = YES;
				CLANG_WARN_EMPTY_BODY = YES;
				CLANG_WARN_ENUM_CONVERSION = YES;
				CLANG_WARN_INFINITE_RECURSION = YES;
				CLANG_WARN_INT_CONVERSION = YES;
				CLANG_WARN_NON_LITERAL_NULL_CONVERSION = YES;
				CLANG_WARN_OBJC_IMPLICIT_RETAIN_SELF = YES;
				CLANG_WARN_OBJC_LITERAL_CONVERSION = YES;
				CLANG_WARN_OBJC_ROOT_CLASS = YES_ERROR;
				CLANG_WARN_RANGE_LOOP_ANALYSIS = YES;
				CLANG_WARN_STRICT_PROTOTYPES = YES;
				CLANG_WARN_SUSPICIOUS_MOVE = YES;
				CLANG_WARN_UNGUARDED_AVAILABILITY = YES_AGGRESSIVE;
				CLANG_WARN_UNREACHABLE_CODE = YES;
				CLANG_WARN__DUPLICATE_METHOD_MATCH = YES;
				CODE_SIGN_IDENTITY = "iPhone Developer";
				COPY_PHASE_STRIP = NO;
				CURRENT_PROJECT_VERSION = 1;
				DEBUG_INFORMATION_FORMAT = dwarf;
				ENABLE_STRICT_OBJC_MSGSEND = YES;
				ENABLE_TESTABILITY = YES;
				GCC_C_LANGUAGE_STANDARD = gnu11;
				GCC_DYNAMIC_NO_PIC = NO;
				GCC_NO_COMMON_BLOCKS = YES;
				GCC_OPTIMIZATION_LEVEL = 0;
				GCC_PREPROCESSOR_DEFINITIONS = (
					"DEBUG=1",
					"$(inherited)",
				);
				GCC_WARN_64_TO_32_BIT_CONVERSION = YES;
				GCC_WARN_ABOUT_RETURN_TYPE = YES_ERROR;
				GCC_WARN_UNDECLARED_SELECTOR = YES;
				GCC_WARN_UNINITIALIZED_AUTOS = YES_AGGRESSIVE;
				GCC_WARN_UNUSED_FUNCTION = YES;
				GCC_WARN_UNUSED_VARIABLE = YES;
				IPHONEOS_DEPLOYMENT_TARGET = 12.4;
				MTL_ENABLE_DEBUG_INFO = INCLUDE_SOURCE;
				MTL_FAST_MATH = YES;
				ONLY_ACTIVE_ARCH = YES;
				SDKROOT = iphoneos;
				SWIFT_ACTIVE_COMPILATION_CONDITIONS = DEBUG;
				SWIFT_OPTIMIZATION_LEVEL = "-Onone";
				VERSIONING_SYSTEM = "apple-generic";
				VERSION_INFO_PREFIX = "";
			};
			name = Debug;
		};
		EA4679B92305CA9300465FC1 /* Release */ = {
			isa = XCBuildConfiguration;
			buildSettings = {
				ALWAYS_SEARCH_USER_PATHS = NO;
				CLANG_ANALYZER_NONNULL = YES;
				CLANG_ANALYZER_NUMBER_OBJECT_CONVERSION = YES_AGGRESSIVE;
				CLANG_CXX_LANGUAGE_STANDARD = "gnu++14";
				CLANG_CXX_LIBRARY = "libc++";
				CLANG_ENABLE_MODULES = YES;
				CLANG_ENABLE_OBJC_ARC = YES;
				CLANG_ENABLE_OBJC_WEAK = YES;
				CLANG_WARN_BLOCK_CAPTURE_AUTORELEASING = YES;
				CLANG_WARN_BOOL_CONVERSION = YES;
				CLANG_WARN_COMMA = YES;
				CLANG_WARN_CONSTANT_CONVERSION = YES;
				CLANG_WARN_DEPRECATED_OBJC_IMPLEMENTATIONS = YES;
				CLANG_WARN_DIRECT_OBJC_ISA_USAGE = YES_ERROR;
				CLANG_WARN_DOCUMENTATION_COMMENTS = YES;
				CLANG_WARN_EMPTY_BODY = YES;
				CLANG_WARN_ENUM_CONVERSION = YES;
				CLANG_WARN_INFINITE_RECURSION = YES;
				CLANG_WARN_INT_CONVERSION = YES;
				CLANG_WARN_NON_LITERAL_NULL_CONVERSION = YES;
				CLANG_WARN_OBJC_IMPLICIT_RETAIN_SELF = YES;
				CLANG_WARN_OBJC_LITERAL_CONVERSION = YES;
				CLANG_WARN_OBJC_ROOT_CLASS = YES_ERROR;
				CLANG_WARN_RANGE_LOOP_ANALYSIS = YES;
				CLANG_WARN_STRICT_PROTOTYPES = YES;
				CLANG_WARN_SUSPICIOUS_MOVE = YES;
				CLANG_WARN_UNGUARDED_AVAILABILITY = YES_AGGRESSIVE;
				CLANG_WARN_UNREACHABLE_CODE = YES;
				CLANG_WARN__DUPLICATE_METHOD_MATCH = YES;
				CODE_SIGN_IDENTITY = "iPhone Developer";
				COPY_PHASE_STRIP = NO;
				CURRENT_PROJECT_VERSION = 1;
				DEBUG_INFORMATION_FORMAT = "dwarf-with-dsym";
				ENABLE_NS_ASSERTIONS = NO;
				ENABLE_STRICT_OBJC_MSGSEND = YES;
				GCC_C_LANGUAGE_STANDARD = gnu11;
				GCC_NO_COMMON_BLOCKS = YES;
				GCC_WARN_64_TO_32_BIT_CONVERSION = YES;
				GCC_WARN_ABOUT_RETURN_TYPE = YES_ERROR;
				GCC_WARN_UNDECLARED_SELECTOR = YES;
				GCC_WARN_UNINITIALIZED_AUTOS = YES_AGGRESSIVE;
				GCC_WARN_UNUSED_FUNCTION = YES;
				GCC_WARN_UNUSED_VARIABLE = YES;
				IPHONEOS_DEPLOYMENT_TARGET = 12.4;
				MTL_ENABLE_DEBUG_INFO = NO;
				MTL_FAST_MATH = YES;
				SDKROOT = iphoneos;
				SWIFT_COMPILATION_MODE = wholemodule;
				SWIFT_OPTIMIZATION_LEVEL = "-O";
				VALIDATE_PRODUCT = YES;
				VERSIONING_SYSTEM = "apple-generic";
				VERSION_INFO_PREFIX = "";
			};
			name = Release;
		};
		EA4679BB2305CA9300465FC1 /* Debug */ = {
			isa = XCBuildConfiguration;
			buildSettings = {
				CLANG_ENABLE_MODULES = YES;
				CODE_SIGN_IDENTITY = "";
				CODE_SIGN_STYLE = Automatic;
				DEFINES_MODULE = YES;
				DYLIB_COMPATIBILITY_VERSION = 1;
				DYLIB_CURRENT_VERSION = 1;
				DYLIB_INSTALL_NAME_BASE = "@rpath";
				INFOPLIST_FILE = RM.iOS.UI/Info.plist;
				INSTALL_PATH = "$(LOCAL_LIBRARY_DIR)/Frameworks";
				LD_RUNPATH_SEARCH_PATHS = (
					"$(inherited)",
					"@executable_path/Frameworks",
					"@loader_path/Frameworks",
				);
				PRODUCT_BUNDLE_IDENTIFIER = "com.ruchiram.RM-iOS-UI";
				PRODUCT_NAME = "$(TARGET_NAME:c99extidentifier)";
				SKIP_INSTALL = YES;
				SWIFT_OPTIMIZATION_LEVEL = "-Onone";
				SWIFT_VERSION = 5.0;
				TARGETED_DEVICE_FAMILY = "1,2";
			};
			name = Debug;
		};
		EA4679BC2305CA9300465FC1 /* Release */ = {
			isa = XCBuildConfiguration;
			buildSettings = {
				CLANG_ENABLE_MODULES = YES;
				CODE_SIGN_IDENTITY = "";
				CODE_SIGN_STYLE = Automatic;
				DEFINES_MODULE = YES;
				DYLIB_COMPATIBILITY_VERSION = 1;
				DYLIB_CURRENT_VERSION = 1;
				DYLIB_INSTALL_NAME_BASE = "@rpath";
				INFOPLIST_FILE = RM.iOS.UI/Info.plist;
				INSTALL_PATH = "$(LOCAL_LIBRARY_DIR)/Frameworks";
				LD_RUNPATH_SEARCH_PATHS = (
					"$(inherited)",
					"@executable_path/Frameworks",
					"@loader_path/Frameworks",
				);
				PRODUCT_BUNDLE_IDENTIFIER = "com.ruchiram.RM-iOS-UI";
				PRODUCT_NAME = "$(TARGET_NAME:c99extidentifier)";
				SKIP_INSTALL = YES;
				SWIFT_VERSION = 5.0;
				TARGETED_DEVICE_FAMILY = "1,2";
			};
			name = Release;
		};
		EA4679BE2305CA9300465FC1 /* Debug */ = {
			isa = XCBuildConfiguration;
			buildSettings = {
				ALWAYS_EMBED_SWIFT_STANDARD_LIBRARIES = YES;
				CODE_SIGN_STYLE = Automatic;
				INFOPLIST_FILE = RM.iOS.UITests/Info.plist;
				LD_RUNPATH_SEARCH_PATHS = (
					"$(inherited)",
					"@executable_path/Frameworks",
					"@loader_path/Frameworks",
				);
				PRODUCT_BUNDLE_IDENTIFIER = "com.ruchiram.RM-iOS-UITests";
				PRODUCT_NAME = "$(TARGET_NAME)";
				SWIFT_VERSION = 5.0;
				TARGETED_DEVICE_FAMILY = "1,2";
			};
			name = Debug;
		};
		EA4679BF2305CA9300465FC1 /* Release */ = {
			isa = XCBuildConfiguration;
			buildSettings = {
				ALWAYS_EMBED_SWIFT_STANDARD_LIBRARIES = YES;
				CODE_SIGN_STYLE = Automatic;
				INFOPLIST_FILE = RM.iOS.UITests/Info.plist;
				LD_RUNPATH_SEARCH_PATHS = (
					"$(inherited)",
					"@executable_path/Frameworks",
					"@loader_path/Frameworks",
				);
				PRODUCT_BUNDLE_IDENTIFIER = "com.ruchiram.RM-iOS-UITests";
				PRODUCT_NAME = "$(TARGET_NAME)";
				SWIFT_VERSION = 5.0;
				TARGETED_DEVICE_FAMILY = "1,2";
			};
			name = Release;
		};
		EA4679EA2305CABA00465FC1 /* Debug */ = {
			isa = XCBuildConfiguration;
			buildSettings = {
				ASSETCATALOG_COMPILER_APPICON_NAME = AppIcon;
				CODE_SIGN_STYLE = Automatic;
				INFOPLIST_FILE = Sample/Info.plist;
				LD_RUNPATH_SEARCH_PATHS = (
					"$(inherited)",
					"@executable_path/Frameworks",
				);
				PRODUCT_BUNDLE_IDENTIFIER = com.ruchiram.Sample;
				PRODUCT_NAME = "$(TARGET_NAME)";
				SWIFT_VERSION = 5.0;
				TARGETED_DEVICE_FAMILY = "1,2";
			};
			name = Debug;
		};
		EA4679EB2305CABA00465FC1 /* Release */ = {
			isa = XCBuildConfiguration;
			buildSettings = {
				ASSETCATALOG_COMPILER_APPICON_NAME = AppIcon;
				CODE_SIGN_STYLE = Automatic;
				INFOPLIST_FILE = Sample/Info.plist;
				LD_RUNPATH_SEARCH_PATHS = (
					"$(inherited)",
					"@executable_path/Frameworks",
				);
				PRODUCT_BUNDLE_IDENTIFIER = com.ruchiram.Sample;
				PRODUCT_NAME = "$(TARGET_NAME)";
				SWIFT_VERSION = 5.0;
				TARGETED_DEVICE_FAMILY = "1,2";
			};
			name = Release;
		};
		EA4679ED2305CABA00465FC1 /* Debug */ = {
			isa = XCBuildConfiguration;
			buildSettings = {
				ALWAYS_EMBED_SWIFT_STANDARD_LIBRARIES = YES;
				BUNDLE_LOADER = "$(TEST_HOST)";
				CODE_SIGN_STYLE = Automatic;
				INFOPLIST_FILE = SampleTests/Info.plist;
				LD_RUNPATH_SEARCH_PATHS = (
					"$(inherited)",
					"@executable_path/Frameworks",
					"@loader_path/Frameworks",
				);
				PRODUCT_BUNDLE_IDENTIFIER = com.ruchiram.SampleTests;
				PRODUCT_NAME = "$(TARGET_NAME)";
				SWIFT_VERSION = 5.0;
				TARGETED_DEVICE_FAMILY = "1,2";
				TEST_HOST = "$(BUILT_PRODUCTS_DIR)/Sample.app/Sample";
			};
			name = Debug;
		};
		EA4679EE2305CABA00465FC1 /* Release */ = {
			isa = XCBuildConfiguration;
			buildSettings = {
				ALWAYS_EMBED_SWIFT_STANDARD_LIBRARIES = YES;
				BUNDLE_LOADER = "$(TEST_HOST)";
				CODE_SIGN_STYLE = Automatic;
				INFOPLIST_FILE = SampleTests/Info.plist;
				LD_RUNPATH_SEARCH_PATHS = (
					"$(inherited)",
					"@executable_path/Frameworks",
					"@loader_path/Frameworks",
				);
				PRODUCT_BUNDLE_IDENTIFIER = com.ruchiram.SampleTests;
				PRODUCT_NAME = "$(TARGET_NAME)";
				SWIFT_VERSION = 5.0;
				TARGETED_DEVICE_FAMILY = "1,2";
				TEST_HOST = "$(BUILT_PRODUCTS_DIR)/Sample.app/Sample";
			};
			name = Release;
		};
		EA4679F02305CABA00465FC1 /* Debug */ = {
			isa = XCBuildConfiguration;
			buildSettings = {
				ALWAYS_EMBED_SWIFT_STANDARD_LIBRARIES = YES;
				CODE_SIGN_STYLE = Automatic;
				INFOPLIST_FILE = SampleUITests/Info.plist;
				LD_RUNPATH_SEARCH_PATHS = (
					"$(inherited)",
					"@executable_path/Frameworks",
					"@loader_path/Frameworks",
				);
				PRODUCT_BUNDLE_IDENTIFIER = com.ruchiram.SampleUITests;
				PRODUCT_NAME = "$(TARGET_NAME)";
				SWIFT_VERSION = 5.0;
				TARGETED_DEVICE_FAMILY = "1,2";
				TEST_TARGET_NAME = Sample;
			};
			name = Debug;
		};
		EA4679F12305CABA00465FC1 /* Release */ = {
			isa = XCBuildConfiguration;
			buildSettings = {
				ALWAYS_EMBED_SWIFT_STANDARD_LIBRARIES = YES;
				CODE_SIGN_STYLE = Automatic;
				INFOPLIST_FILE = SampleUITests/Info.plist;
				LD_RUNPATH_SEARCH_PATHS = (
					"$(inherited)",
					"@executable_path/Frameworks",
					"@loader_path/Frameworks",
				);
				PRODUCT_BUNDLE_IDENTIFIER = com.ruchiram.SampleUITests;
				PRODUCT_NAME = "$(TARGET_NAME)";
				SWIFT_VERSION = 5.0;
				TARGETED_DEVICE_FAMILY = "1,2";
				TEST_TARGET_NAME = Sample;
			};
			name = Release;
		};
		EA467A0F2305CAEB00465FC1 /* Debug */ = {
			isa = XCBuildConfiguration;
			buildSettings = {
				CODE_SIGN_IDENTITY = "";
				CODE_SIGN_STYLE = Automatic;
				DEFINES_MODULE = YES;
				DYLIB_COMPATIBILITY_VERSION = 1;
				DYLIB_CURRENT_VERSION = 1;
				DYLIB_INSTALL_NAME_BASE = "@rpath";
				INFOPLIST_FILE = RM.iOS.Core/Info.plist;
				INSTALL_PATH = "$(LOCAL_LIBRARY_DIR)/Frameworks";
				LD_RUNPATH_SEARCH_PATHS = (
					"$(inherited)",
					"@executable_path/Frameworks",
					"@loader_path/Frameworks",
				);
				PRODUCT_BUNDLE_IDENTIFIER = "com.ruchiram.RM-iOS-Core";
				PRODUCT_NAME = "$(TARGET_NAME:c99extidentifier)";
				SKIP_INSTALL = YES;
				SWIFT_VERSION = 5.0;
				TARGETED_DEVICE_FAMILY = "1,2";
			};
			name = Debug;
		};
		EA467A102305CAEB00465FC1 /* Release */ = {
			isa = XCBuildConfiguration;
			buildSettings = {
				CODE_SIGN_IDENTITY = "";
				CODE_SIGN_STYLE = Automatic;
				DEFINES_MODULE = YES;
				DYLIB_COMPATIBILITY_VERSION = 1;
				DYLIB_CURRENT_VERSION = 1;
				DYLIB_INSTALL_NAME_BASE = "@rpath";
				INFOPLIST_FILE = RM.iOS.Core/Info.plist;
				INSTALL_PATH = "$(LOCAL_LIBRARY_DIR)/Frameworks";
				LD_RUNPATH_SEARCH_PATHS = (
					"$(inherited)",
					"@executable_path/Frameworks",
					"@loader_path/Frameworks",
				);
				PRODUCT_BUNDLE_IDENTIFIER = "com.ruchiram.RM-iOS-Core";
				PRODUCT_NAME = "$(TARGET_NAME:c99extidentifier)";
				SKIP_INSTALL = YES;
				SWIFT_VERSION = 5.0;
				TARGETED_DEVICE_FAMILY = "1,2";
			};
			name = Release;
		};
		EA467A132305CAEB00465FC1 /* Debug */ = {
			isa = XCBuildConfiguration;
			buildSettings = {
				ALWAYS_EMBED_SWIFT_STANDARD_LIBRARIES = YES;
				CODE_SIGN_STYLE = Automatic;
				INFOPLIST_FILE = RM.iOS.CoreTests/Info.plist;
				LD_RUNPATH_SEARCH_PATHS = (
					"$(inherited)",
					"@executable_path/Frameworks",
					"@loader_path/Frameworks",
				);
				PRODUCT_BUNDLE_IDENTIFIER = "com.ruchiram.RM-iOS-CoreTests";
				PRODUCT_NAME = "$(TARGET_NAME)";
				SWIFT_VERSION = 5.0;
				TARGETED_DEVICE_FAMILY = "1,2";
				TEST_HOST = "$(BUILT_PRODUCTS_DIR)/Sample.app/Sample";
			};
			name = Debug;
		};
		EA467A142305CAEB00465FC1 /* Release */ = {
			isa = XCBuildConfiguration;
			buildSettings = {
				ALWAYS_EMBED_SWIFT_STANDARD_LIBRARIES = YES;
				CODE_SIGN_STYLE = Automatic;
				INFOPLIST_FILE = RM.iOS.CoreTests/Info.plist;
				LD_RUNPATH_SEARCH_PATHS = (
					"$(inherited)",
					"@executable_path/Frameworks",
					"@loader_path/Frameworks",
				);
				PRODUCT_BUNDLE_IDENTIFIER = "com.ruchiram.RM-iOS-CoreTests";
				PRODUCT_NAME = "$(TARGET_NAME)";
				SWIFT_VERSION = 5.0;
				TARGETED_DEVICE_FAMILY = "1,2";
				TEST_HOST = "$(BUILT_PRODUCTS_DIR)/Sample.app/Sample";
			};
			name = Release;
		};
/* End XCBuildConfiguration section */

/* Begin XCConfigurationList section */
		EA4679A02305CA9300465FC1 /* Build configuration list for PBXProject "RM.iOS.UI" */ = {
			isa = XCConfigurationList;
			buildConfigurations = (
				EA4679B82305CA9300465FC1 /* Debug */,
				EA4679B92305CA9300465FC1 /* Release */,
			);
			defaultConfigurationIsVisible = 0;
			defaultConfigurationName = Release;
		};
		EA4679BA2305CA9300465FC1 /* Build configuration list for PBXNativeTarget "RM.iOS.UI" */ = {
			isa = XCConfigurationList;
			buildConfigurations = (
				EA4679BB2305CA9300465FC1 /* Debug */,
				EA4679BC2305CA9300465FC1 /* Release */,
			);
			defaultConfigurationIsVisible = 0;
			defaultConfigurationName = Release;
		};
		EA4679BD2305CA9300465FC1 /* Build configuration list for PBXNativeTarget "RM.iOS.UITests" */ = {
			isa = XCConfigurationList;
			buildConfigurations = (
				EA4679BE2305CA9300465FC1 /* Debug */,
				EA4679BF2305CA9300465FC1 /* Release */,
			);
			defaultConfigurationIsVisible = 0;
			defaultConfigurationName = Release;
		};
		EA4679E92305CABA00465FC1 /* Build configuration list for PBXNativeTarget "Sample" */ = {
			isa = XCConfigurationList;
			buildConfigurations = (
				EA4679EA2305CABA00465FC1 /* Debug */,
				EA4679EB2305CABA00465FC1 /* Release */,
			);
			defaultConfigurationIsVisible = 0;
			defaultConfigurationName = Release;
		};
		EA4679EC2305CABA00465FC1 /* Build configuration list for PBXNativeTarget "SampleTests" */ = {
			isa = XCConfigurationList;
			buildConfigurations = (
				EA4679ED2305CABA00465FC1 /* Debug */,
				EA4679EE2305CABA00465FC1 /* Release */,
			);
			defaultConfigurationIsVisible = 0;
			defaultConfigurationName = Release;
		};
		EA4679EF2305CABA00465FC1 /* Build configuration list for PBXNativeTarget "SampleUITests" */ = {
			isa = XCConfigurationList;
			buildConfigurations = (
				EA4679F02305CABA00465FC1 /* Debug */,
				EA4679F12305CABA00465FC1 /* Release */,
			);
			defaultConfigurationIsVisible = 0;
			defaultConfigurationName = Release;
		};
		EA467A0E2305CAEB00465FC1 /* Build configuration list for PBXNativeTarget "RM.iOS.Core" */ = {
			isa = XCConfigurationList;
			buildConfigurations = (
				EA467A0F2305CAEB00465FC1 /* Debug */,
				EA467A102305CAEB00465FC1 /* Release */,
			);
			defaultConfigurationIsVisible = 0;
			defaultConfigurationName = Release;
		};
		EA467A122305CAEB00465FC1 /* Build configuration list for PBXNativeTarget "RM.iOS.CoreTests" */ = {
			isa = XCConfigurationList;
			buildConfigurations = (
				EA467A132305CAEB00465FC1 /* Debug */,
				EA467A142305CAEB00465FC1 /* Release */,
			);
			defaultConfigurationIsVisible = 0;
			defaultConfigurationName = Release;
		};
/* End XCConfigurationList section */
	};
	rootObject = EA46799D2305CA9300465FC1 /* Project object */;
}
